
Microsoft Visual Studio Solution File, Format Version 12.00
# Visual Studio 2012
Project("{8BC9CEB8-8B4A-11D0-8D11-00A0C91BC942}") = "DuiLib", "DuiLib\DuiLib.vcxproj", "{E106ACD7-4E53-4AEE-942B-D0DD426DB34E}"
EndProject
Project("{8BC9CEB8-8B4A-11D0-8D11-00A0C91BC942}") = "MenuDemo", "MenuDemo\MenuDemo.vcxproj", "{11A20D10-E0D7-447F-A546-8E4662C115C5}"
EndProject
Project("{8BC9CEB8-8B4A-11D0-8D11-00A0C91BC942}") = "RichListDemo", "RichListDemo\RichListDemo.vcxproj", "{6F77AFCB-2F96-4573-8882-3578EBA8CA1D}"
EndProject
Project("{8BC9CEB8-8B4A-11D0-8D11-00A0C91BC942}") = "ScrCapture", "ScrCapture\ScrCapture.vcxproj", "{41B017E7-7805-40D5-9D96-AABF572F57D2}"
EndProject
Project("{8BC9CEB8-8B4A-11D0-8D11-00A0C91BC942}") = "360Safe", "360SafeDemo\360SafeDemo.vcxproj", "{463FE628-A176-4C58-B005-3924BFD1E4E6}"
EndProject
Project("{8BC9CEB8-8B4A-11D0-8D11-00A0C91BC942}") = "GameDemo", "GameDemo\GameDemo.vcxproj", "{21B017E7-7805-40D5-9D96-AABF572F57D1}"
EndProject
Project("{2150E333-8FDC-42A3-9474-1A3956D46DE8}") = "demos", "demos", "{5ABBC10A-DC58-4A8D-AA4D-D1CB2A58FD01}"
EndProject
Project("{8BC9CEB8-8B4A-11D0-8D11-00A0C91BC942}") = "ListDemo", "ListDemo\ListDemo.vcxproj", "{223017E7-7805-40D5-9D96-AABF572F57D1}"
EndProject
Project("{8BC9CEB8-8B4A-11D0-8D11-00A0C91BC942}") = "QQDemo", "QQDemo\QQDemo.vcxproj", "{5EEA82DD-05C7-477F-8870-942E8758BFFF}"
EndProject
Project("{8BC9CEB8-8B4A-11D0-8D11-00A0C91BC942}") = "TestApp1", "TestApp1\TestApp1.vcxproj", "{41B017E7-7805-40D5-9D96-AABF572F57D1}"
EndProject
Project("{8BC9CEB8-8B4A-11D0-8D11-00A0C91BC942}") = "FlashDemo", "FlashDemo\FlashDemo.vcxproj", "{41B017E7-7805-40D5-9D96-AABF572F5700}"
EndProject
Project("{2150E333-8FDC-42A3-9474-1A3956D46DE8}") = "mydemos", "mydemos", "{A2F905D0-D0F4-4106-BCBD-D862078A6CAE}"
EndProject
Project("{8BC9CEB8-8B4A-11D0-8D11-00A0C91BC942}") = "WkeDemo", "WkeDemo\WkeDemo.vcxproj", "{B5F1BB32-04FB-4226-ADD1-2DE1E5CDE2E7}"
EndProject
Project("{2150E333-8FDC-42A3-9474-1A3956D46DE8}") = "QuotationDemo", "QuotationDemo", "{ECC50B49-3AA4-4581-9962-8018AC407E5B}"
EndProject
Project("{8BC9CEB8-8B4A-11D0-8D11-00A0C91BC942}") = "QuotationChart", "QuotationChart\QuotationChart.vcxproj", "{E3029180-CBFF-4A48-8C8B-CA16384F4A64}"
EndProject
Project("{8BC9CEB8-8B4A-11D0-8D11-00A0C91BC942}") = "QuotationChartTest", "QuotationChartTest\QuotationChartTest.vcxproj", "{5FF4F82B-3958-4B32-BAE1-348F4EB8872E}"
EndProject
Project("{8BC9CEB8-8B4A-11D0-8D11-00A0C91BC942}") = "TeechartEdit", "TeechartEdit\TeechartEdit.vcxproj", "{25F0A248-2083-4B94-8F79-8AD9709CFA53}"
EndProject
Project("{8BC9CEB8-8B4A-11D0-8D11-00A0C91BC942}") = "QuotationChartTestWin32", "QuotationChartTestWin32\QuotationChartTestWin32.vcxproj", "{01F3852C-F054-46AA-8AE5-67766EBEA60B}"
EndProject
Project("{2150E333-8FDC-42A3-9474-1A3956D46DE8}") = "Solution Items", "Solution Items", "{63AF2362-C9A2-41C4-B46F-06964E4782BC}"
	ProjectSection(SolutionItems) = preProject
		Note.txt = Note.txt
	EndProjectSection
EndProject
Project("{8BC9CEB8-8B4A-11D0-8D11-00A0C91BC942}") = "Quotation", "Quotation\Quotation.vcxproj", "{B68A91D7-3914-4B61-8259-2A1EC2B2F814}"
EndProject
Project("{8BC9CEB8-8B4A-11D0-8D11-00A0C91BC942}") = "DuiLib_Static", "DuiLib\DuiLib_Static.vcxproj", "{C8C90EBC-CC4E-49F5-9A78-5915A0E7B40D}"
EndProject
Global
	GlobalSection(SolutionConfigurationPlatforms) = preSolution
		Debug|Win32 = Debug|Win32
		Release|Win32 = Release|Win32
		UnicodeDebug|Win32 = UnicodeDebug|Win32
		UnicodeRelease|Win32 = UnicodeRelease|Win32
	EndGlobalSection
	GlobalSection(ProjectConfigurationPlatforms) = postSolution
		{E106ACD7-4E53-4AEE-942B-D0DD426DB34E}.Debug|Win32.ActiveCfg = Debug|Win32
		{E106ACD7-4E53-4AEE-942B-D0DD426DB34E}.Debug|Win32.Build.0 = Debug|Win32
		{E106ACD7-4E53-4AEE-942B-D0DD426DB34E}.Release|Win32.ActiveCfg = Release|Win32
		{E106ACD7-4E53-4AEE-942B-D0DD426DB34E}.Release|Win32.Build.0 = Release|Win32
		{E106ACD7-4E53-4AEE-942B-D0DD426DB34E}.UnicodeDebug|Win32.ActiveCfg = UnicodeDebug|Win32
		{E106ACD7-4E53-4AEE-942B-D0DD426DB34E}.UnicodeDebug|Win32.Build.0 = UnicodeDebug|Win32
		{E106ACD7-4E53-4AEE-942B-D0DD426DB34E}.UnicodeRelease|Win32.ActiveCfg = UnicodeRelease|Win32
		{E106ACD7-4E53-4AEE-942B-D0DD426DB34E}.UnicodeRelease|Win32.Build.0 = UnicodeRelease|Win32
		{11A20D10-E0D7-447F-A546-8E4662C115C5}.Debug|Win32.ActiveCfg = Debug|Win32
		{11A20D10-E0D7-447F-A546-8E4662C115C5}.Debug|Win32.Build.0 = Debug|Win32
		{11A20D10-E0D7-447F-A546-8E4662C115C5}.Release|Win32.ActiveCfg = Release|Win32
		{11A20D10-E0D7-447F-A546-8E4662C115C5}.Release|Win32.Build.0 = Release|Win32
		{11A20D10-E0D7-447F-A546-8E4662C115C5}.UnicodeDebug|Win32.ActiveCfg = UnicodeDebug|Win32
		{11A20D10-E0D7-447F-A546-8E4662C115C5}.UnicodeDebug|Win32.Build.0 = UnicodeDebug|Win32
		{11A20D10-E0D7-447F-A546-8E4662C115C5}.UnicodeRelease|Win32.ActiveCfg = UnicodeRelease|Win32
		{11A20D10-E0D7-447F-A546-8E4662C115C5}.UnicodeRelease|Win32.Build.0 = UnicodeRelease|Win32
		{6F77AFCB-2F96-4573-8882-3578EBA8CA1D}.Debug|Win32.ActiveCfg = Debug|Win32
		{6F77AFCB-2F96-4573-8882-3578EBA8CA1D}.Debug|Win32.Build.0 = Debug|Win32
		{6F77AFCB-2F96-4573-8882-3578EBA8CA1D}.Release|Win32.ActiveCfg = Release|Win32
		{6F77AFCB-2F96-4573-8882-3578EBA8CA1D}.Release|Win32.Build.0 = Release|Win32
		{6F77AFCB-2F96-4573-8882-3578EBA8CA1D}.UnicodeDebug|Win32.ActiveCfg = UnicodeDebug|Win32
		{6F77AFCB-2F96-4573-8882-3578EBA8CA1D}.UnicodeDebug|Win32.Build.0 = UnicodeDebug|Win32
		{6F77AFCB-2F96-4573-8882-3578EBA8CA1D}.UnicodeRelease|Win32.ActiveCfg = UnicodeRelease|Win32
		{6F77AFCB-2F96-4573-8882-3578EBA8CA1D}.UnicodeRelease|Win32.Build.0 = UnicodeRelease|Win32
		{41B017E7-7805-40D5-9D96-AABF572F57D2}.Debug|Win32.ActiveCfg = Debug|Win32
		{41B017E7-7805-40D5-9D96-AABF572F57D2}.Debug|Win32.Build.0 = Debug|Win32
		{41B017E7-7805-40D5-9D96-AABF572F57D2}.Release|Win32.ActiveCfg = Release|Win32
		{41B017E7-7805-40D5-9D96-AABF572F57D2}.Release|Win32.Build.0 = Release|Win32
		{41B017E7-7805-40D5-9D96-AABF572F57D2}.UnicodeDebug|Win32.ActiveCfg = UnicodeDebug|Win32
		{41B017E7-7805-40D5-9D96-AABF572F57D2}.UnicodeDebug|Win32.Build.0 = UnicodeDebug|Win32
		{41B017E7-7805-40D5-9D96-AABF572F57D2}.UnicodeRelease|Win32.ActiveCfg = UnicodeRelease|Win32
		{41B017E7-7805-40D5-9D96-AABF572F57D2}.UnicodeRelease|Win32.Build.0 = UnicodeRelease|Win32
		{463FE628-A176-4C58-B005-3924BFD1E4E6}.Debug|Win32.ActiveCfg = Debug|Win32
		{463FE628-A176-4C58-B005-3924BFD1E4E6}.Debug|Win32.Build.0 = Debug|Win32
		{463FE628-A176-4C58-B005-3924BFD1E4E6}.Release|Win32.ActiveCfg = Release|Win32
		{463FE628-A176-4C58-B005-3924BFD1E4E6}.Release|Win32.Build.0 = Release|Win32
		{463FE628-A176-4C58-B005-3924BFD1E4E6}.UnicodeDebug|Win32.ActiveCfg = UnicodeDebug|Win32
		{463FE628-A176-4C58-B005-3924BFD1E4E6}.UnicodeDebug|Win32.Build.0 = UnicodeDebug|Win32
		{463FE628-A176-4C58-B005-3924BFD1E4E6}.UnicodeRelease|Win32.ActiveCfg = UnicodeRelease|Win32
		{463FE628-A176-4C58-B005-3924BFD1E4E6}.UnicodeRelease|Win32.Build.0 = UnicodeRelease|Win32
		{21B017E7-7805-40D5-9D96-AABF572F57D1}.Debug|Win32.ActiveCfg = Debug|Win32
		{21B017E7-7805-40D5-9D96-AABF572F57D1}.Debug|Win32.Build.0 = Debug|Win32
		{21B017E7-7805-40D5-9D96-AABF572F57D1}.Release|Win32.ActiveCfg = Release|Win32
		{21B017E7-7805-40D5-9D96-AABF572F57D1}.Release|Win32.Build.0 = Release|Win32
		{21B017E7-7805-40D5-9D96-AABF572F57D1}.UnicodeDebug|Win32.ActiveCfg = UnicodeDebug|Win32
		{21B017E7-7805-40D5-9D96-AABF572F57D1}.UnicodeDebug|Win32.Build.0 = UnicodeDebug|Win32
		{21B017E7-7805-40D5-9D96-AABF572F57D1}.UnicodeRelease|Win32.ActiveCfg = UnicodeRelease|Win32
		{21B017E7-7805-40D5-9D96-AABF572F57D1}.UnicodeRelease|Win32.Build.0 = UnicodeRelease|Win32
		{223017E7-7805-40D5-9D96-AABF572F57D1}.Debug|Win32.ActiveCfg = Debug|Win32
		{223017E7-7805-40D5-9D96-AABF572F57D1}.Debug|Win32.Build.0 = Debug|Win32
		{223017E7-7805-40D5-9D96-AABF572F57D1}.Release|Win32.ActiveCfg = Release|Win32
		{223017E7-7805-40D5-9D96-AABF572F57D1}.Release|Win32.Build.0 = Release|Win32
		{223017E7-7805-40D5-9D96-AABF572F57D1}.UnicodeDebug|Win32.ActiveCfg = UnicodeDebug|Win32
		{223017E7-7805-40D5-9D96-AABF572F57D1}.UnicodeDebug|Win32.Build.0 = UnicodeDebug|Win32
		{223017E7-7805-40D5-9D96-AABF572F57D1}.UnicodeRelease|Win32.ActiveCfg = UnicodeRelease|Win32
		{223017E7-7805-40D5-9D96-AABF572F57D1}.UnicodeRelease|Win32.Build.0 = UnicodeRelease|Win32
		{5EEA82DD-05C7-477F-8870-942E8758BFFF}.Debug|Win32.ActiveCfg = Debug|Win32
		{5EEA82DD-05C7-477F-8870-942E8758BFFF}.Debug|Win32.Build.0 = Debug|Win32
		{5EEA82DD-05C7-477F-8870-942E8758BFFF}.Release|Win32.ActiveCfg = Release|Win32
		{5EEA82DD-05C7-477F-8870-942E8758BFFF}.Release|Win32.Build.0 = Release|Win32
		{5EEA82DD-05C7-477F-8870-942E8758BFFF}.UnicodeDebug|Win32.ActiveCfg = UnicodeDebug|Win32
		{5EEA82DD-05C7-477F-8870-942E8758BFFF}.UnicodeDebug|Win32.Build.0 = UnicodeDebug|Win32
		{5EEA82DD-05C7-477F-8870-942E8758BFFF}.UnicodeRelease|Win32.ActiveCfg = UnicodeRelease|Win32
		{5EEA82DD-05C7-477F-8870-942E8758BFFF}.UnicodeRelease|Win32.Build.0 = UnicodeRelease|Win32
		{41B017E7-7805-40D5-9D96-AABF572F57D1}.Debug|Win32.ActiveCfg = Debug|Win32
		{41B017E7-7805-40D5-9D96-AABF572F57D1}.Debug|Win32.Build.0 = Debug|Win32
		{41B017E7-7805-40D5-9D96-AABF572F57D1}.Release|Win32.ActiveCfg = Release|Win32
		{41B017E7-7805-40D5-9D96-AABF572F57D1}.Release|Win32.Build.0 = Release|Win32
		{41B017E7-7805-40D5-9D96-AABF572F57D1}.UnicodeDebug|Win32.ActiveCfg = UnicodeDebug|Win32
		{41B017E7-7805-40D5-9D96-AABF572F57D1}.UnicodeDebug|Win32.Build.0 = UnicodeDebug|Win32
		{41B017E7-7805-40D5-9D96-AABF572F57D1}.UnicodeRelease|Win32.ActiveCfg = UnicodeRelease|Win32
		{41B017E7-7805-40D5-9D96-AABF572F57D1}.UnicodeRelease|Win32.Build.0 = UnicodeRelease|Win32
		{41B017E7-7805-40D5-9D96-AABF572F5700}.Debug|Win32.ActiveCfg = Debug|Win32
		{41B017E7-7805-40D5-9D96-AABF572F5700}.Debug|Win32.Build.0 = Debug|Win32
		{41B017E7-7805-40D5-9D96-AABF572F5700}.Release|Win32.ActiveCfg = Release|Win32
		{41B017E7-7805-40D5-9D96-AABF572F5700}.Release|Win32.Build.0 = Release|Win32
		{41B017E7-7805-40D5-9D96-AABF572F5700}.UnicodeDebug|Win32.ActiveCfg = UnicodeDebug|Win32
		{41B017E7-7805-40D5-9D96-AABF572F5700}.UnicodeDebug|Win32.Build.0 = UnicodeDebug|Win32
		{41B017E7-7805-40D5-9D96-AABF572F5700}.UnicodeRelease|Win32.ActiveCfg = UnicodeRelease|Win32
		{41B017E7-7805-40D5-9D96-AABF572F5700}.UnicodeRelease|Win32.Build.0 = UnicodeRelease|Win32
		{B5F1BB32-04FB-4226-ADD1-2DE1E5CDE2E7}.Debug|Win32.ActiveCfg = Debug|Win32
		{B5F1BB32-04FB-4226-ADD1-2DE1E5CDE2E7}.Debug|Win32.Build.0 = Debug|Win32
		{B5F1BB32-04FB-4226-ADD1-2DE1E5CDE2E7}.Release|Win32.ActiveCfg = Release|Win32
		{B5F1BB32-04FB-4226-ADD1-2DE1E5CDE2E7}.Release|Win32.Build.0 = Release|Win32
		{B5F1BB32-04FB-4226-ADD1-2DE1E5CDE2E7}.UnicodeDebug|Win32.ActiveCfg = Debug|Win32
		{B5F1BB32-04FB-4226-ADD1-2DE1E5CDE2E7}.UnicodeDebug|Win32.Build.0 = Debug|Win32
		{B5F1BB32-04FB-4226-ADD1-2DE1E5CDE2E7}.UnicodeRelease|Win32.ActiveCfg = Release|Win32
		{B5F1BB32-04FB-4226-ADD1-2DE1E5CDE2E7}.UnicodeRelease|Win32.Build.0 = Release|Win32
		{E3029180-CBFF-4A48-8C8B-CA16384F4A64}.Debug|Win32.ActiveCfg = UnicodeDebug|Win32
		{E3029180-CBFF-4A48-8C8B-CA16384F4A64}.Debug|Win32.Build.0 = UnicodeDebug|Win32
		{E3029180-CBFF-4A48-8C8B-CA16384F4A64}.Release|Win32.ActiveCfg = UnicodeRelease|Win32
		{E3029180-CBFF-4A48-8C8B-CA16384F4A64}.Release|Win32.Build.0 = UnicodeRelease|Win32
		{E3029180-CBFF-4A48-8C8B-CA16384F4A64}.UnicodeDebug|Win32.ActiveCfg = UnicodeDebug|Win32
		{E3029180-CBFF-4A48-8C8B-CA16384F4A64}.UnicodeDebug|Win32.Build.0 = UnicodeDebug|Win32
		{E3029180-CBFF-4A48-8C8B-CA16384F4A64}.UnicodeRelease|Win32.ActiveCfg = UnicodeRelease|Win32
		{E3029180-CBFF-4A48-8C8B-CA16384F4A64}.UnicodeRelease|Win32.Build.0 = UnicodeRelease|Win32
		{5FF4F82B-3958-4B32-BAE1-348F4EB8872E}.Debug|Win32.ActiveCfg = UnicodeDebug|Win32
		{5FF4F82B-3958-4B32-BAE1-348F4EB8872E}.Debug|Win32.Build.0 = UnicodeDebug|Win32
		{5FF4F82B-3958-4B32-BAE1-348F4EB8872E}.Release|Win32.ActiveCfg = UnicodeRelease|Win32
		{5FF4F82B-3958-4B32-BAE1-348F4EB8872E}.Release|Win32.Build.0 = UnicodeRelease|Win32
		{5FF4F82B-3958-4B32-BAE1-348F4EB8872E}.UnicodeDebug|Win32.ActiveCfg = UnicodeDebug|Win32
		{5FF4F82B-3958-4B32-BAE1-348F4EB8872E}.UnicodeDebug|Win32.Build.0 = UnicodeDebug|Win32
		{5FF4F82B-3958-4B32-BAE1-348F4EB8872E}.UnicodeRelease|Win32.ActiveCfg = UnicodeRelease|Win32
		{5FF4F82B-3958-4B32-BAE1-348F4EB8872E}.UnicodeRelease|Win32.Build.0 = UnicodeRelease|Win32
		{25F0A248-2083-4B94-8F79-8AD9709CFA53}.Debug|Win32.ActiveCfg = Debug|Win32
		{25F0A248-2083-4B94-8F79-8AD9709CFA53}.Debug|Win32.Build.0 = Debug|Win32
		{25F0A248-2083-4B94-8F79-8AD9709CFA53}.Release|Win32.ActiveCfg = Release|Win32
		{25F0A248-2083-4B94-8F79-8AD9709CFA53}.Release|Win32.Build.0 = Release|Win32
		{25F0A248-2083-4B94-8F79-8AD9709CFA53}.UnicodeDebug|Win32.ActiveCfg = Debug|Win32
		{25F0A248-2083-4B94-8F79-8AD9709CFA53}.UnicodeDebug|Win32.Build.0 = Debug|Win32
		{25F0A248-2083-4B94-8F79-8AD9709CFA53}.UnicodeRelease|Win32.ActiveCfg = Release|Win32
		{25F0A248-2083-4B94-8F79-8AD9709CFA53}.UnicodeRelease|Win32.Build.0 = Release|Win32
		{01F3852C-F054-46AA-8AE5-67766EBEA60B}.Debug|Win32.ActiveCfg = UnicodeDebug|Win32
		{01F3852C-F054-46AA-8AE5-67766EBEA60B}.Debug|Win32.Build.0 = UnicodeDebug|Win32
		{01F3852C-F054-46AA-8AE5-67766EBEA60B}.Release|Win32.ActiveCfg = UnicodeRelease|Win32
		{01F3852C-F054-46AA-8AE5-67766EBEA60B}.Release|Win32.Build.0 = UnicodeRelease|Win32
		{01F3852C-F054-46AA-8AE5-67766EBEA60B}.UnicodeDebug|Win32.ActiveCfg = UnicodeDebug|Win32
		{01F3852C-F054-46AA-8AE5-67766EBEA60B}.UnicodeDebug|Win32.Build.0 = UnicodeDebug|Win32
		{01F3852C-F054-46AA-8AE5-67766EBEA60B}.UnicodeRelease|Win32.ActiveCfg = UnicodeRelease|Win32
		{01F3852C-F054-46AA-8AE5-67766EBEA60B}.UnicodeRelease|Win32.Build.0 = UnicodeRelease|Win32
		{B68A91D7-3914-4B61-8259-2A1EC2B2F814}.Debug|Win32.ActiveCfg = Debug|Win32
		{B68A91D7-3914-4B61-8259-2A1EC2B2F814}.Debug|Win32.Build.0 = Debug|Win32
		{B68A91D7-3914-4B61-8259-2A1EC2B2F814}.Release|Win32.ActiveCfg = Release|Win32
		{B68A91D7-3914-4B61-8259-2A1EC2B2F814}.Release|Win32.Build.0 = Release|Win32
		{B68A91D7-3914-4B61-8259-2A1EC2B2F814}.UnicodeDebug|Win32.ActiveCfg = Debug|Win32
		{B68A91D7-3914-4B61-8259-2A1EC2B2F814}.UnicodeDebug|Win32.Build.0 = Debug|Win32
		{B68A91D7-3914-4B61-8259-2A1EC2B2F814}.UnicodeRelease|Win32.ActiveCfg = Release|Win32
		{B68A91D7-3914-4B61-8259-2A1EC2B2F814}.UnicodeRelease|Win32.Build.0 = Release|Win32
		{C8C90EBC-CC4E-49F5-9A78-5915A0E7B40D}.Debug|Win32.ActiveCfg = Debug|Win32
		{C8C90EBC-CC4E-49F5-9A78-5915A0E7B40D}.Debug|Win32.Build.0 = Debug|Win32
		{C8C90EBC-CC4E-49F5-9A78-5915A0E7B40D}.Release|Win32.ActiveCfg = Release|Win32
		{C8C90EBC-CC4E-49F5-9A78-5915A0E7B40D}.Release|Win32.Build.0 = Release|Win32
		{C8C90EBC-CC4E-49F5-9A78-5915A0E7B40D}.UnicodeDebug|Win32.ActiveCfg = UnicodeDebug|Win32
		{C8C90EBC-CC4E-49F5-9A78-5915A0E7B40D}.UnicodeDebug|Win32.Build.0 = UnicodeDebug|Win32
		{C8C90EBC-CC4E-49F5-9A78-5915A0E7B40D}.UnicodeRelease|Win32.ActiveCfg = UnicodeRelease|Win32
		{C8C90EBC-CC4E-49F5-9A78-5915A0E7B40D}.UnicodeRelease|Win32.Build.0 = UnicodeRelease|Win32
	EndGlobalSection
	GlobalSection(SolutionProperties) = preSolution
		HideSolutionNode = FALSE
	EndGlobalSection
	GlobalSection(NestedProjects) = preSolution
		{6F77AFCB-2F96-4573-8882-3578EBA8CA1D} = {5ABBC10A-DC58-4A8D-AA4D-D1CB2A58FD01}
		{41B017E7-7805-40D5-9D96-AABF572F57D2} = {5ABBC10A-DC58-4A8D-AA4D-D1CB2A58FD01}
		{463FE628-A176-4C58-B005-3924BFD1E4E6} = {5ABBC10A-DC58-4A8D-AA4D-D1CB2A58FD01}
		{21B017E7-7805-40D5-9D96-AABF572F57D1} = {5ABBC10A-DC58-4A8D-AA4D-D1CB2A58FD01}
		{11A20D10-E0D7-447F-A546-8E4662C115C5} = {5ABBC10A-DC58-4A8D-AA4D-D1CB2A58FD01}
		{223017E7-7805-40D5-9D96-AABF572F57D1} = {5ABBC10A-DC58-4A8D-AA4D-D1CB2A58FD01}
		{5EEA82DD-05C7-477F-8870-942E8758BFFF} = {5ABBC10A-DC58-4A8D-AA4D-D1CB2A58FD01}
		{41B017E7-7805-40D5-9D96-AABF572F57D1} = {5ABBC10A-DC58-4A8D-AA4D-D1CB2A58FD01}
		{41B017E7-7805-40D5-9D96-AABF572F5700} = {5ABBC10A-DC58-4A8D-AA4D-D1CB2A58FD01}
		{B5F1BB32-04FB-4226-ADD1-2DE1E5CDE2E7} = {A2F905D0-D0F4-4106-BCBD-D862078A6CAE}
		{E3029180-CBFF-4A48-8C8B-CA16384F4A64} = {ECC50B49-3AA4-4581-9962-8018AC407E5B}
		{5FF4F82B-3958-4B32-BAE1-348F4EB8872E} = {ECC50B49-3AA4-4581-9962-8018AC407E5B}
		{25F0A248-2083-4B94-8F79-8AD9709CFA53} = {ECC50B49-3AA4-4581-9962-8018AC407E5B}
		{01F3852C-F054-46AA-8AE5-67766EBEA60B} = {ECC50B49-3AA4-4581-9962-8018AC407E5B}
		{B68A91D7-3914-4B61-8259-2A1EC2B2F814} = {ECC50B49-3AA4-4581-9962-8018AC407E5B}
	EndGlobalSection
EndGlobal
